
Microsoft Visual Studio Solution File, Format Version 12.00
# Visual Studio Version 17
VisualStudioVersion = 17.13.35931.197 d17.13
MinimumVisualStudioVersion = 10.0.40219.1
Project("{FAE04EC0-301F-11D3-BF4B-00C04F79EFBC}") = "01_Classes-and-Objects", "01_Classes-and-Objects\01_Classes-and-Objects.csproj", "{DA3EAF59-C6D8-4ED0-9E73-BED53C37C1DD}"
EndProject
Project("{FAE04EC0-301F-11D3-BF4B-00C04F79EFBC}") = "02_Access-Modifiers", "02_Access-Modifiers\02_Access-Modifiers.csproj", "{B6E347B7-8469-41A3-8E6D-E473C69FEF2F}"
EndProject
Project("{FAE04EC0-301F-11D3-BF4B-00C04F79EFBC}") = "03_Static-Members", "03_Static-Members\03_Static-Members.csproj", "{E19EC603-082A-4F51-96E4-B46012A8979F}"
EndProject
Project("{FAE04EC0-301F-11D3-BF4B-00C04F79EFBC}") = "04_Properties", "04_Properties\04_Properties.csproj", "{F8854A8B-2085-489F-8A0D-96A93A246B27}"
EndProject
Project("{FAE04EC0-301F-11D3-BF4B-00C04F79EFBC}") = "05_Constructor-and-Destructor", "05_Constructor-and-Destructor\05_Constructor-and-Destructor.csproj", "{89BB8834-04D6-4C27-83D3-149D2F31D47B}"
EndProject
Project("{FAE04EC0-301F-11D3-BF4B-00C04F79EFBC}") = "06_Inhertance", "06_Inhertance\06_Inhertance.csproj", "{4BFB81A3-6EC9-4D28-AA18-07AD5FD54346}"
EndProject
Project("{FAE04EC0-301F-11D3-BF4B-00C04F79EFBC}") = "07_Abstract-Class", "07_Abstract-Class\07_Abstract-Class.csproj", "{82A1189E-75CE-4EF4-9B65-A6691C7F5523}"
EndProject
Global
	GlobalSection(SolutionConfigurationPlatforms) = preSolution
		Debug|Any CPU = Debug|Any CPU
		Release|Any CPU = Release|Any CPU
	EndGlobalSection
	GlobalSection(ProjectConfigurationPlatforms) = postSolution
		{DA3EAF59-C6D8-4ED0-9E73-BED53C37C1DD}.Debug|Any CPU.ActiveCfg = Debug|Any CPU
		{DA3EAF59-C6D8-4ED0-9E73-BED53C37C1DD}.Debug|Any CPU.Build.0 = Debug|Any CPU
		{DA3EAF59-C6D8-4ED0-9E73-BED53C37C1DD}.Release|Any CPU.ActiveCfg = Release|Any CPU
		{DA3EAF59-C6D8-4ED0-9E73-BED53C37C1DD}.Release|Any CPU.Build.0 = Release|Any CPU
		{B6E347B7-8469-41A3-8E6D-E473C69FEF2F}.Debug|Any CPU.ActiveCfg = Debug|Any CPU
		{B6E347B7-8469-41A3-8E6D-E473C69FEF2F}.Debug|Any CPU.Build.0 = Debug|Any CPU
		{B6E347B7-8469-41A3-8E6D-E473C69FEF2F}.Release|Any CPU.ActiveCfg = Release|Any CPU
		{B6E347B7-8469-41A3-8E6D-E473C69FEF2F}.Release|Any CPU.Build.0 = Release|Any CPU
		{E19EC603-082A-4F51-96E4-B46012A8979F}.Debug|Any CPU.ActiveCfg = Debug|Any CPU
		{E19EC603-082A-4F51-96E4-B46012A8979F}.Debug|Any CPU.Build.0 = Debug|Any CPU
		{E19EC603-082A-4F51-96E4-B46012A8979F}.Release|Any CPU.ActiveCfg = Release|Any CPU
		{E19EC603-082A-4F51-96E4-B46012A8979F}.Release|Any CPU.Build.0 = Release|Any CPU
		{F8854A8B-2085-489F-8A0D-96A93A246B27}.Debug|Any CPU.ActiveCfg = Debug|Any CPU
		{F8854A8B-2085-489F-8A0D-96A93A246B27}.Debug|Any CPU.Build.0 = Debug|Any CPU
		{F8854A8B-2085-489F-8A0D-96A93A246B27}.Release|Any CPU.ActiveCfg = Release|Any CPU
		{F8854A8B-2085-489F-8A0D-96A93A246B27}.Release|Any CPU.Build.0 = Release|Any CPU
		{89BB8834-04D6-4C27-83D3-149D2F31D47B}.Debug|Any CPU.ActiveCfg = Debug|Any CPU
		{89BB8834-04D6-4C27-83D3-149D2F31D47B}.Debug|Any CPU.Build.0 = Debug|Any CPU
		{89BB8834-04D6-4C27-83D3-149D2F31D47B}.Release|Any CPU.ActiveCfg = Release|Any CPU
		{89BB8834-04D6-4C27-83D3-149D2F31D47B}.Release|Any CPU.Build.0 = Release|Any CPU
		{4BFB81A3-6EC9-4D28-AA18-07AD5FD54346}.Debug|Any CPU.ActiveCfg = Debug|Any CPU
		{4BFB81A3-6EC9-4D28-AA18-07AD5FD54346}.Debug|Any CPU.Build.0 = Debug|Any CPU
		{4BFB81A3-6EC9-4D28-AA18-07AD5FD54346}.Release|Any CPU.ActiveCfg = Release|Any CPU
		{4BFB81A3-6EC9-4D28-AA18-07AD5FD54346}.Release|Any CPU.Build.0 = Release|Any CPU
		{82A1189E-75CE-4EF4-9B65-A6691C7F5523}.Debug|Any CPU.ActiveCfg = Debug|Any CPU
		{82A1189E-75CE-4EF4-9B65-A6691C7F5523}.Debug|Any CPU.Build.0 = Debug|Any CPU
		{82A1189E-75CE-4EF4-9B65-A6691C7F5523}.Release|Any CPU.ActiveCfg = Release|Any CPU
		{82A1189E-75CE-4EF4-9B65-A6691C7F5523}.Release|Any CPU.Build.0 = Release|Any CPU
	EndGlobalSection
	GlobalSection(SolutionProperties) = preSolution
		HideSolutionNode = FALSE
	EndGlobalSection
	GlobalSection(ExtensibilityGlobals) = postSolution
		SolutionGuid = {9D3A6AE6-1355-4E2D-9528-C1DCCB85B2B0}
	EndGlobalSection
EndGlobal
